// !$*UTF8*$!
{
	archiveVersion = 1;
	classes = {
	};
	objectVersion = 50;
	objects = {

/* Begin PBXBuildFile section */
		C813815526C1738800581C84 /* DirectoryController.swift in Sources */ = {isa = PBXBuildFile; fileRef = C813815426C1738800581C84 /* DirectoryController.swift */; };
		C825A3CC26A98ADF00B2C4E5 /* UIDevice+Extension.swift in Sources */ = {isa = PBXBuildFile; fileRef = C825A3CB26A98ADF00B2C4E5 /* UIDevice+Extension.swift */; };
		C825A3CE26A996B800B2C4E5 /* ConfigLoginVC+Alerts.swift in Sources */ = {isa = PBXBuildFile; fileRef = C825A3CD26A996B800B2C4E5 /* ConfigLoginVC+Alerts.swift */; };
		C825A3D026A9B4B800B2C4E5 /* ConfigLoginVC+TextField.swift in Sources */ = {isa = PBXBuildFile; fileRef = C825A3CF26A9B4B800B2C4E5 /* ConfigLoginVC+TextField.swift */; };
		C82C3D7026C51DF400623348 /* FileController.swift in Sources */ = {isa = PBXBuildFile; fileRef = C82C3D6F26C51DF400623348 /* FileController.swift */; };
		C845176726C3203200DAD20D /* DocumentController.swift in Sources */ = {isa = PBXBuildFile; fileRef = C845176626C3203200DAD20D /* DocumentController.swift */; };
		C85862D126B9532A007EE929 /* UIRefreshControl+Extension.swift in Sources */ = {isa = PBXBuildFile; fileRef = C85862D026B9532A007EE929 /* UIRefreshControl+Extension.swift */; };
		C85862D326B95361007EE929 /* ConfigVC+Alerts.swift in Sources */ = {isa = PBXBuildFile; fileRef = C85862D226B95361007EE929 /* ConfigVC+Alerts.swift */; };
		C85862D526B95372007EE929 /* ConfigVC+SimplePing.swift in Sources */ = {isa = PBXBuildFile; fileRef = C85862D426B95372007EE929 /* ConfigVC+SimplePing.swift */; };
		C86D688126A190AD004A0D48 /* CoreData.swift in Sources */ = {isa = PBXBuildFile; fileRef = C86D688026A190AD004A0D48 /* CoreData.swift */; };
		C86D688426A1935B004A0D48 /* Data.xcdatamodeld in Sources */ = {isa = PBXBuildFile; fileRef = C86D688226A1935B004A0D48 /* Data.xcdatamodeld */; };
		C86D688B26A1A391004A0D48 /* DirectoryMO+CoreDataClass.swift in Sources */ = {isa = PBXBuildFile; fileRef = C86D688526A1A391004A0D48 /* DirectoryMO+CoreDataClass.swift */; };
		C86D688D26A1A391004A0D48 /* UserMO+CoreDataClass.swift in Sources */ = {isa = PBXBuildFile; fileRef = C86D688726A1A391004A0D48 /* UserMO+CoreDataClass.swift */; };
		C86D688F26A1A391004A0D48 /* DocumentMO+CoreDataClass.swift in Sources */ = {isa = PBXBuildFile; fileRef = C86D688926A1A391004A0D48 /* DocumentMO+CoreDataClass.swift */; };
		C86D689226A1A41A004A0D48 /* AuthController.swift in Sources */ = {isa = PBXBuildFile; fileRef = C86D689126A1A41A004A0D48 /* AuthController.swift */; };
		C86D689426A1A4D3004A0D48 /* NetworkController.swift in Sources */ = {isa = PBXBuildFile; fileRef = C86D689326A1A4D3004A0D48 /* NetworkController.swift */; };
		C86D689626A1A512004A0D48 /* NetworkController+Responses.swift in Sources */ = {isa = PBXBuildFile; fileRef = C86D689526A1A512004A0D48 /* NetworkController+Responses.swift */; };
		C86D689826A1D1F4004A0D48 /* LoginVC.swift in Sources */ = {isa = PBXBuildFile; fileRef = C86D689726A1D1F4004A0D48 /* LoginVC.swift */; };
		C86D689B26A1E40A004A0D48 /* PlainTextField.swift in Sources */ = {isa = PBXBuildFile; fileRef = C86D689A26A1E40A004A0D48 /* PlainTextField.swift */; };
		C879884626AAE1BD00BB24C0 /* SimplePing.m in Sources */ = {isa = PBXBuildFile; fileRef = C879884526AAE1BD00BB24C0 /* SimplePing.m */; };
		C88DE8E726AACD1600E6E17D /* AboutVC+SimplePing.swift in Sources */ = {isa = PBXBuildFile; fileRef = C88DE8E626AACD1600E6E17D /* AboutVC+SimplePing.swift */; };
		C89DDF7726BD4F1C00DB4B09 /* UserMO+CoreDataProperties.swift in Sources */ = {isa = PBXBuildFile; fileRef = C89DDF7526BD4F1C00DB4B09 /* UserMO+CoreDataProperties.swift */; };
		C89DDF7926BD69EC00DB4B09 /* Data+Extension.swift in Sources */ = {isa = PBXBuildFile; fileRef = C89DDF7826BD69EC00DB4B09 /* Data+Extension.swift */; };
		C8A88D4D269C7D1E00F4960B /* AppDelegate.swift in Sources */ = {isa = PBXBuildFile; fileRef = C8A88D4C269C7D1E00F4960B /* AppDelegate.swift */; };
		C8A88D54269C7D1E00F4960B /* Main.storyboard in Resources */ = {isa = PBXBuildFile; fileRef = C8A88D52269C7D1E00F4960B /* Main.storyboard */; };
		C8A88D56269C7D2000F4960B /* Assets.xcassets in Resources */ = {isa = PBXBuildFile; fileRef = C8A88D55269C7D2000F4960B /* Assets.xcassets */; };
		C8A88D59269C7D2000F4960B /* LaunchScreen.storyboard in Resources */ = {isa = PBXBuildFile; fileRef = C8A88D57269C7D2000F4960B /* LaunchScreen.storyboard */; };
		C8A88D71269C97A100F4960B /* StateController.swift in Sources */ = {isa = PBXBuildFile; fileRef = C8A88D70269C97A100F4960B /* StateController.swift */; };
		C8A88D75269C9D3900F4960B /* UITableView+Extension.swift in Sources */ = {isa = PBXBuildFile; fileRef = C8A88D74269C9D3900F4960B /* UITableView+Extension.swift */; };
		C8A88D77269C9D5500F4960B /* HasBackButton.swift in Sources */ = {isa = PBXBuildFile; fileRef = C8A88D76269C9D5500F4960B /* HasBackButton.swift */; };
		C8A88D79269C9D7700F4960B /* BackButton.swift in Sources */ = {isa = PBXBuildFile; fileRef = C8A88D78269C9D7700F4960B /* BackButton.swift */; };
		C8AA76B426AAE8EA00FE9527 /* HostCell.swift in Sources */ = {isa = PBXBuildFile; fileRef = C8AA76B326AAE8EA00FE9527 /* HostCell.swift */; };
		C8AA76B626AAE94800FE9527 /* UIColor+Extension.swift in Sources */ = {isa = PBXBuildFile; fileRef = C8AA76B526AAE94800FE9527 /* UIColor+Extension.swift */; };
		C8AAA88126C66C8A00E82E88 /* DirectoryMO+CoreDataProperties.swift in Sources */ = {isa = PBXBuildFile; fileRef = C8AAA87D26C66C8A00E82E88 /* DirectoryMO+CoreDataProperties.swift */; };
		C8AAA88326C66C8A00E82E88 /* DocumentMO+CoreDataProperties.swift in Sources */ = {isa = PBXBuildFile; fileRef = C8AAA87F26C66C8A00E82E88 /* DocumentMO+CoreDataProperties.swift */; };
		C8AAA88526C6A67000E82E88 /* DirectoryVC+Alerts.swift in Sources */ = {isa = PBXBuildFile; fileRef = C8AAA88426C6A67000E82E88 /* DirectoryVC+Alerts.swift */; };
		C8AB313426BAA0F300D082CA /* EditConfigVC+Alerts.swift in Sources */ = {isa = PBXBuildFile; fileRef = C8AB313326BAA0F300D082CA /* EditConfigVC+Alerts.swift */; };
		C8AB313726BADEBE00D082CA /* Cryption.swift in Sources */ = {isa = PBXBuildFile; fileRef = C8AB313626BADEBE00D082CA /* Cryption.swift */; };
		C8AB313926BADED300D082CA /* DailyPassword.swift in Sources */ = {isa = PBXBuildFile; fileRef = C8AB313826BADED300D082CA /* DailyPassword.swift */; };
		C8AB313B26BADEE400D082CA /* Hash.swift in Sources */ = {isa = PBXBuildFile; fileRef = C8AB313A26BADEE400D082CA /* Hash.swift */; };
		C8AB313D26BADF5F00D082CA /* Date+Extension.swift in Sources */ = {isa = PBXBuildFile; fileRef = C8AB313C26BADF5F00D082CA /* Date+Extension.swift */; };
		C8AB313F26BADF8C00D082CA /* String+Extension.swift in Sources */ = {isa = PBXBuildFile; fileRef = C8AB313E26BADF8C00D082CA /* String+Extension.swift */; };
		C8AB314226BAE3FB00D082CA /* UserCredential.swift in Sources */ = {isa = PBXBuildFile; fileRef = C8AB314126BAE3FB00D082CA /* UserCredential.swift */; };
		C8AB314526BAE73A00D082CA /* Spinner.swift in Sources */ = {isa = PBXBuildFile; fileRef = C8AB314426BAE73A00D082CA /* Spinner.swift */; };
		C8C84B0726A02A9C001EEE53 /* DocumentVC.swift in Sources */ = {isa = PBXBuildFile; fileRef = C8C84B0626A02A9C001EEE53 /* DocumentVC.swift */; };
		C8C84B0A26A02BF2001EEE53 /* Test PDF 1.pdf in Resources */ = {isa = PBXBuildFile; fileRef = C8C84B0926A02BF2001EEE53 /* Test PDF 1.pdf */; };
		C8C84B0C26A0478D001EEE53 /* DirectoryCell.swift in Sources */ = {isa = PBXBuildFile; fileRef = C8C84B0B26A0478D001EEE53 /* DirectoryCell.swift */; };
		C8C84B0E26A04796001EEE53 /* DocumentCell.swift in Sources */ = {isa = PBXBuildFile; fileRef = C8C84B0D26A04796001EEE53 /* DocumentCell.swift */; };
		C8C8DF4926A4E390008363FD /* LoginVC+TextField.swift in Sources */ = {isa = PBXBuildFile; fileRef = C8C8DF4826A4E390008363FD /* LoginVC+TextField.swift */; };
		C8C9D62626A82B41002D9B91 /* HasMenuButton.swift in Sources */ = {isa = PBXBuildFile; fileRef = C8C9D62526A82B41002D9B91 /* HasMenuButton.swift */; };
		C8C9D62826A83670002D9B91 /* MenuButton.swift in Sources */ = {isa = PBXBuildFile; fileRef = C8C9D62726A83670002D9B91 /* MenuButton.swift */; };
		C8C9D62A26A84E26002D9B91 /* LoginVC+Alerts.swift in Sources */ = {isa = PBXBuildFile; fileRef = C8C9D62926A84E26002D9B91 /* LoginVC+Alerts.swift */; };
		C8C9D63126A857B9002D9B91 /* HostMO+CoreDataClass.swift in Sources */ = {isa = PBXBuildFile; fileRef = C8C9D62F26A857B9002D9B91 /* HostMO+CoreDataClass.swift */; };
		C8C9D63226A857B9002D9B91 /* HostMO+CoreDataProperties.swift in Sources */ = {isa = PBXBuildFile; fileRef = C8C9D63026A857B9002D9B91 /* HostMO+CoreDataProperties.swift */; };
		C8C9D63826A85E5A002D9B91 /* AboutVC.swift in Sources */ = {isa = PBXBuildFile; fileRef = C8C9D63726A85E5A002D9B91 /* AboutVC.swift */; };
		C8C9D63A26A860D3002D9B91 /* EnvironmentHandler.swift in Sources */ = {isa = PBXBuildFile; fileRef = C8C9D63926A860D3002D9B91 /* EnvironmentHandler.swift */; };
		C8C9D63C26A8632B002D9B91 /* AboutVC+Table.swift in Sources */ = {isa = PBXBuildFile; fileRef = C8C9D63B26A8632B002D9B91 /* AboutVC+Table.swift */; };
		C8C9D64126A86C6E002D9B91 /* ConfigVC.swift in Sources */ = {isa = PBXBuildFile; fileRef = C8C9D64026A86C6E002D9B91 /* ConfigVC.swift */; };
		C8C9D64326A86CA6002D9B91 /* ConfigVC+Table.swift in Sources */ = {isa = PBXBuildFile; fileRef = C8C9D64226A86CA6002D9B91 /* ConfigVC+Table.swift */; };
		C8C9D64526A86CB4002D9B91 /* ConfigLoginVC.swift in Sources */ = {isa = PBXBuildFile; fileRef = C8C9D64426A86CB4002D9B91 /* ConfigLoginVC.swift */; };
		C8C9D64926A8737B002D9B91 /* EditConfigVC.swift in Sources */ = {isa = PBXBuildFile; fileRef = C8C9D64826A8737B002D9B91 /* EditConfigVC.swift */; };
		C8D506F8269F9732004B6252 /* DirectoryVC+Search.swift in Sources */ = {isa = PBXBuildFile; fileRef = C8D506F7269F9732004B6252 /* DirectoryVC+Search.swift */; };
		C8EF3112269D964800429A0C /* DirectoryVC.swift in Sources */ = {isa = PBXBuildFile; fileRef = C8EF3111269D964800429A0C /* DirectoryVC.swift */; };
		C8EF3114269D965C00429A0C /* DirectoryVC+Table.swift in Sources */ = {isa = PBXBuildFile; fileRef = C8EF3113269D965C00429A0C /* DirectoryVC+Table.swift */; };
/* End PBXBuildFile section */

/* Begin PBXFileReference section */
		C813815426C1738800581C84 /* DirectoryController.swift */ = {isa = PBXFileReference; lastKnownFileType = sourcecode.swift; path = DirectoryController.swift; sourceTree = "<group>"; };
		C825A3CB26A98ADF00B2C4E5 /* UIDevice+Extension.swift */ = {isa = PBXFileReference; lastKnownFileType = sourcecode.swift; path = "UIDevice+Extension.swift"; sourceTree = "<group>"; };
		C825A3CD26A996B800B2C4E5 /* ConfigLoginVC+Alerts.swift */ = {isa = PBXFileReference; lastKnownFileType = sourcecode.swift; path = "ConfigLoginVC+Alerts.swift"; sourceTree = "<group>"; };
		C825A3CF26A9B4B800B2C4E5 /* ConfigLoginVC+TextField.swift */ = {isa = PBXFileReference; lastKnownFileType = sourcecode.swift; path = "ConfigLoginVC+TextField.swift"; sourceTree = "<group>"; };
		C82C3D6F26C51DF400623348 /* FileController.swift */ = {isa = PBXFileReference; lastKnownFileType = sourcecode.swift; path = FileController.swift; sourceTree = "<group>"; };
		C845176626C3203200DAD20D /* DocumentController.swift */ = {isa = PBXFileReference; lastKnownFileType = sourcecode.swift; path = DocumentController.swift; sourceTree = "<group>"; };
		C85862D026B9532A007EE929 /* UIRefreshControl+Extension.swift */ = {isa = PBXFileReference; lastKnownFileType = sourcecode.swift; path = "UIRefreshControl+Extension.swift"; sourceTree = "<group>"; };
		C85862D226B95361007EE929 /* ConfigVC+Alerts.swift */ = {isa = PBXFileReference; lastKnownFileType = sourcecode.swift; path = "ConfigVC+Alerts.swift"; sourceTree = "<group>"; };
		C85862D426B95372007EE929 /* ConfigVC+SimplePing.swift */ = {isa = PBXFileReference; lastKnownFileType = sourcecode.swift; path = "ConfigVC+SimplePing.swift"; sourceTree = "<group>"; };
		C86D688026A190AD004A0D48 /* CoreData.swift */ = {isa = PBXFileReference; lastKnownFileType = sourcecode.swift; path = CoreData.swift; sourceTree = "<group>"; };
		C86D688326A1935B004A0D48 /* Data.xcdatamodel */ = {isa = PBXFileReference; lastKnownFileType = wrapper.xcdatamodel; path = Data.xcdatamodel; sourceTree = "<group>"; };
		C86D688526A1A391004A0D48 /* DirectoryMO+CoreDataClass.swift */ = {isa = PBXFileReference; lastKnownFileType = sourcecode.swift; path = "DirectoryMO+CoreDataClass.swift"; sourceTree = "<group>"; };
		C86D688726A1A391004A0D48 /* UserMO+CoreDataClass.swift */ = {isa = PBXFileReference; lastKnownFileType = sourcecode.swift; path = "UserMO+CoreDataClass.swift"; sourceTree = "<group>"; };
		C86D688926A1A391004A0D48 /* DocumentMO+CoreDataClass.swift */ = {isa = PBXFileReference; lastKnownFileType = sourcecode.swift; path = "DocumentMO+CoreDataClass.swift"; sourceTree = "<group>"; };
		C86D689126A1A41A004A0D48 /* AuthController.swift */ = {isa = PBXFileReference; lastKnownFileType = sourcecode.swift; path = AuthController.swift; sourceTree = "<group>"; };
		C86D689326A1A4D3004A0D48 /* NetworkController.swift */ = {isa = PBXFileReference; lastKnownFileType = sourcecode.swift; path = NetworkController.swift; sourceTree = "<group>"; };
		C86D689526A1A512004A0D48 /* NetworkController+Responses.swift */ = {isa = PBXFileReference; lastKnownFileType = sourcecode.swift; path = "NetworkController+Responses.swift"; sourceTree = "<group>"; };
		C86D689726A1D1F4004A0D48 /* LoginVC.swift */ = {isa = PBXFileReference; lastKnownFileType = sourcecode.swift; path = LoginVC.swift; sourceTree = "<group>"; };
		C86D689A26A1E40A004A0D48 /* PlainTextField.swift */ = {isa = PBXFileReference; lastKnownFileType = sourcecode.swift; path = PlainTextField.swift; sourceTree = "<group>"; };
		C879884326AAE18800BB24C0 /* SimplePing-Bridging-Header.h */ = {isa = PBXFileReference; lastKnownFileType = sourcecode.c.h; path = "SimplePing-Bridging-Header.h"; sourceTree = "<group>"; };
		C879884426AAE1A500BB24C0 /* SimplePing.h */ = {isa = PBXFileReference; lastKnownFileType = sourcecode.c.h; path = SimplePing.h; sourceTree = "<group>"; };
		C879884526AAE1BD00BB24C0 /* SimplePing.m */ = {isa = PBXFileReference; lastKnownFileType = sourcecode.c.objc; path = SimplePing.m; sourceTree = "<group>"; };
		C88DE8E626AACD1600E6E17D /* AboutVC+SimplePing.swift */ = {isa = PBXFileReference; lastKnownFileType = sourcecode.swift; path = "AboutVC+SimplePing.swift"; sourceTree = "<group>"; };
		C89DDF7526BD4F1C00DB4B09 /* UserMO+CoreDataProperties.swift */ = {isa = PBXFileReference; lastKnownFileType = sourcecode.swift; path = "UserMO+CoreDataProperties.swift"; sourceTree = "<group>"; };
		C89DDF7826BD69EC00DB4B09 /* Data+Extension.swift */ = {isa = PBXFileReference; lastKnownFileType = sourcecode.swift; path = "Data+Extension.swift"; sourceTree = "<group>"; };
		C8A88D49269C7D1E00F4960B /* FCT Operations.app */ = {isa = PBXFileReference; explicitFileType = wrapper.application; includeInIndex = 0; path = "FCT Operations.app"; sourceTree = BUILT_PRODUCTS_DIR; };
		C8A88D4C269C7D1E00F4960B /* AppDelegate.swift */ = {isa = PBXFileReference; lastKnownFileType = sourcecode.swift; path = AppDelegate.swift; sourceTree = "<group>"; };
		C8A88D53269C7D1E00F4960B /* Base */ = {isa = PBXFileReference; lastKnownFileType = file.storyboard; name = Base; path = Base.lproj/Main.storyboard; sourceTree = "<group>"; };
		C8A88D55269C7D2000F4960B /* Assets.xcassets */ = {isa = PBXFileReference; lastKnownFileType = folder.assetcatalog; path = Assets.xcassets; sourceTree = "<group>"; };
		C8A88D58269C7D2000F4960B /* Base */ = {isa = PBXFileReference; lastKnownFileType = file.storyboard; name = Base; path = Base.lproj/LaunchScreen.storyboard; sourceTree = "<group>"; };
		C8A88D5A269C7D2000F4960B /* Dev.plist */ = {isa = PBXFileReference; lastKnownFileType = text.plist.xml; path = Dev.plist; sourceTree = "<group>"; };
		C8A88D70269C97A100F4960B /* StateController.swift */ = {isa = PBXFileReference; lastKnownFileType = sourcecode.swift; path = StateController.swift; sourceTree = "<group>"; };
		C8A88D74269C9D3900F4960B /* UITableView+Extension.swift */ = {isa = PBXFileReference; lastKnownFileType = sourcecode.swift; path = "UITableView+Extension.swift"; sourceTree = "<group>"; };
		C8A88D76269C9D5500F4960B /* HasBackButton.swift */ = {isa = PBXFileReference; lastKnownFileType = sourcecode.swift; path = HasBackButton.swift; sourceTree = "<group>"; };
		C8A88D78269C9D7700F4960B /* BackButton.swift */ = {isa = PBXFileReference; lastKnownFileType = sourcecode.swift; path = BackButton.swift; sourceTree = "<group>"; };
		C8AA76B326AAE8EA00FE9527 /* HostCell.swift */ = {isa = PBXFileReference; lastKnownFileType = sourcecode.swift; path = HostCell.swift; sourceTree = "<group>"; };
		C8AA76B526AAE94800FE9527 /* UIColor+Extension.swift */ = {isa = PBXFileReference; lastKnownFileType = sourcecode.swift; path = "UIColor+Extension.swift"; sourceTree = "<group>"; };
		C8AA76B726AAEDC500FE9527 /* Dev.xcconfig */ = {isa = PBXFileReference; lastKnownFileType = text.xcconfig; path = Dev.xcconfig; sourceTree = "<group>"; };
		C8AA76B926AB0D5F00FE9527 /* Staging.xcconfig */ = {isa = PBXFileReference; lastKnownFileType = text.xcconfig; path = Staging.xcconfig; sourceTree = "<group>"; };
		C8AA76BB26AB0D6E00FE9527 /* Live.xcconfig */ = {isa = PBXFileReference; lastKnownFileType = text.xcconfig; path = Live.xcconfig; sourceTree = "<group>"; };
		C8AA76BF26AB0EE800FE9527 /* Live.plist */ = {isa = PBXFileReference; fileEncoding = 4; lastKnownFileType = text.plist.xml; path = Live.plist; sourceTree = "<group>"; };
		C8AA76C026AB0EE800FE9527 /* Staging.plist */ = {isa = PBXFileReference; fileEncoding = 4; lastKnownFileType = text.plist.xml; path = Staging.plist; sourceTree = "<group>"; };
		C8AAA87D26C66C8A00E82E88 /* DirectoryMO+CoreDataProperties.swift */ = {isa = PBXFileReference; lastKnownFileType = sourcecode.swift; path = "DirectoryMO+CoreDataProperties.swift"; sourceTree = "<group>"; };
		C8AAA87F26C66C8A00E82E88 /* DocumentMO+CoreDataProperties.swift */ = {isa = PBXFileReference; lastKnownFileType = sourcecode.swift; path = "DocumentMO+CoreDataProperties.swift"; sourceTree = "<group>"; };
		C8AAA88426C6A67000E82E88 /* DirectoryVC+Alerts.swift */ = {isa = PBXFileReference; lastKnownFileType = sourcecode.swift; path = "DirectoryVC+Alerts.swift"; sourceTree = "<group>"; };
		C8AB313326BAA0F300D082CA /* EditConfigVC+Alerts.swift */ = {isa = PBXFileReference; lastKnownFileType = sourcecode.swift; path = "EditConfigVC+Alerts.swift"; sourceTree = "<group>"; };
		C8AB313626BADEBE00D082CA /* Cryption.swift */ = {isa = PBXFileReference; lastKnownFileType = sourcecode.swift; path = Cryption.swift; sourceTree = "<group>"; };
		C8AB313826BADED300D082CA /* DailyPassword.swift */ = {isa = PBXFileReference; lastKnownFileType = sourcecode.swift; path = DailyPassword.swift; sourceTree = "<group>"; };
		C8AB313A26BADEE400D082CA /* Hash.swift */ = {isa = PBXFileReference; lastKnownFileType = sourcecode.swift; path = Hash.swift; sourceTree = "<group>"; };
		C8AB313C26BADF5F00D082CA /* Date+Extension.swift */ = {isa = PBXFileReference; lastKnownFileType = sourcecode.swift; path = "Date+Extension.swift"; sourceTree = "<group>"; };
		C8AB313E26BADF8C00D082CA /* String+Extension.swift */ = {isa = PBXFileReference; lastKnownFileType = sourcecode.swift; path = "String+Extension.swift"; sourceTree = "<group>"; };
		C8AB314126BAE3FB00D082CA /* UserCredential.swift */ = {isa = PBXFileReference; lastKnownFileType = sourcecode.swift; path = UserCredential.swift; sourceTree = "<group>"; };
		C8AB314426BAE73A00D082CA /* Spinner.swift */ = {isa = PBXFileReference; lastKnownFileType = sourcecode.swift; path = Spinner.swift; sourceTree = "<group>"; };
		C8C84B0626A02A9C001EEE53 /* DocumentVC.swift */ = {isa = PBXFileReference; lastKnownFileType = sourcecode.swift; path = DocumentVC.swift; sourceTree = "<group>"; };
		C8C84B0926A02BF2001EEE53 /* Test PDF 1.pdf */ = {isa = PBXFileReference; lastKnownFileType = image.pdf; path = "Test PDF 1.pdf"; sourceTree = "<group>"; };
		C8C84B0B26A0478D001EEE53 /* DirectoryCell.swift */ = {isa = PBXFileReference; lastKnownFileType = sourcecode.swift; path = DirectoryCell.swift; sourceTree = "<group>"; };
		C8C84B0D26A04796001EEE53 /* DocumentCell.swift */ = {isa = PBXFileReference; lastKnownFileType = sourcecode.swift; path = DocumentCell.swift; sourceTree = "<group>"; };
		C8C8DF4826A4E390008363FD /* LoginVC+TextField.swift */ = {isa = PBXFileReference; lastKnownFileType = sourcecode.swift; path = "LoginVC+TextField.swift"; sourceTree = "<group>"; };
		C8C9D62526A82B41002D9B91 /* HasMenuButton.swift */ = {isa = PBXFileReference; lastKnownFileType = sourcecode.swift; path = HasMenuButton.swift; sourceTree = "<group>"; };
		C8C9D62726A83670002D9B91 /* MenuButton.swift */ = {isa = PBXFileReference; lastKnownFileType = sourcecode.swift; path = MenuButton.swift; sourceTree = "<group>"; };
		C8C9D62926A84E26002D9B91 /* LoginVC+Alerts.swift */ = {isa = PBXFileReference; lastKnownFileType = sourcecode.swift; path = "LoginVC+Alerts.swift"; sourceTree = "<group>"; };
		C8C9D62F26A857B9002D9B91 /* HostMO+CoreDataClass.swift */ = {isa = PBXFileReference; lastKnownFileType = sourcecode.swift; path = "HostMO+CoreDataClass.swift"; sourceTree = "<group>"; };
		C8C9D63026A857B9002D9B91 /* HostMO+CoreDataProperties.swift */ = {isa = PBXFileReference; lastKnownFileType = sourcecode.swift; path = "HostMO+CoreDataProperties.swift"; sourceTree = "<group>"; };
		C8C9D63726A85E5A002D9B91 /* AboutVC.swift */ = {isa = PBXFileReference; lastKnownFileType = sourcecode.swift; path = AboutVC.swift; sourceTree = "<group>"; };
		C8C9D63926A860D3002D9B91 /* EnvironmentHandler.swift */ = {isa = PBXFileReference; lastKnownFileType = sourcecode.swift; path = EnvironmentHandler.swift; sourceTree = "<group>"; };
		C8C9D63B26A8632B002D9B91 /* AboutVC+Table.swift */ = {isa = PBXFileReference; lastKnownFileType = sourcecode.swift; path = "AboutVC+Table.swift"; sourceTree = "<group>"; };
		C8C9D64026A86C6E002D9B91 /* ConfigVC.swift */ = {isa = PBXFileReference; lastKnownFileType = sourcecode.swift; path = ConfigVC.swift; sourceTree = "<group>"; };
		C8C9D64226A86CA6002D9B91 /* ConfigVC+Table.swift */ = {isa = PBXFileReference; lastKnownFileType = sourcecode.swift; path = "ConfigVC+Table.swift"; sourceTree = "<group>"; };
		C8C9D64426A86CB4002D9B91 /* ConfigLoginVC.swift */ = {isa = PBXFileReference; lastKnownFileType = sourcecode.swift; path = ConfigLoginVC.swift; sourceTree = "<group>"; };
		C8C9D64826A8737B002D9B91 /* EditConfigVC.swift */ = {isa = PBXFileReference; lastKnownFileType = sourcecode.swift; path = EditConfigVC.swift; sourceTree = "<group>"; };
		C8D506F7269F9732004B6252 /* DirectoryVC+Search.swift */ = {isa = PBXFileReference; lastKnownFileType = sourcecode.swift; path = "DirectoryVC+Search.swift"; sourceTree = "<group>"; };
		C8EF3111269D964800429A0C /* DirectoryVC.swift */ = {isa = PBXFileReference; lastKnownFileType = sourcecode.swift; path = DirectoryVC.swift; sourceTree = "<group>"; };
		C8EF3113269D965C00429A0C /* DirectoryVC+Table.swift */ = {isa = PBXFileReference; lastKnownFileType = sourcecode.swift; path = "DirectoryVC+Table.swift"; sourceTree = "<group>"; };
/* End PBXFileReference section */

/* Begin PBXFrameworksBuildPhase section */
		C8A88D46269C7D1E00F4960B /* Frameworks */ = {
			isa = PBXFrameworksBuildPhase;
			buildActionMask = 2147483647;
			files = (
			);
			runOnlyForDeploymentPostprocessing = 0;
		};
/* End PBXFrameworksBuildPhase section */

/* Begin PBXGroup section */
		C86D689926A1E396004A0D48 /* TextFields */ = {
			isa = PBXGroup;
			children = (
				C86D689A26A1E40A004A0D48 /* PlainTextField.swift */,
			);
			path = TextFields;
			sourceTree = "<group>";
		};
		C879884226AAE16400BB24C0 /* Simple Ping */ = {
			isa = PBXGroup;
			children = (
				C879884326AAE18800BB24C0 /* SimplePing-Bridging-Header.h */,
				C879884426AAE1A500BB24C0 /* SimplePing.h */,
				C879884526AAE1BD00BB24C0 /* SimplePing.m */,
			);
			path = "Simple Ping";
			sourceTree = "<group>";
		};
		C88DE8E126AAC9B800E6E17D /* Third Party Libraries */ = {
			isa = PBXGroup;
			children = (
				C879884226AAE16400BB24C0 /* Simple Ping */,
			);
			path = "Third Party Libraries";
			sourceTree = "<group>";
		};
		C8A88D40269C7D1E00F4960B = {
			isa = PBXGroup;
			children = (
				C8A88D4B269C7D1E00F4960B /* Forecourt Operations App */,
				C8A88D4A269C7D1E00F4960B /* Products */,
			);
			sourceTree = "<group>";
		};
		C8A88D4A269C7D1E00F4960B /* Products */ = {
			isa = PBXGroup;
			children = (
				C8A88D49269C7D1E00F4960B /* FCT Operations.app */,
			);
			name = Products;
			sourceTree = "<group>";
		};
		C8A88D4B269C7D1E00F4960B /* Forecourt Operations App */ = {
			isa = PBXGroup;
			children = (
				C8A88D4C269C7D1E00F4960B /* AppDelegate.swift */,
				C8A88D60269C8EE000F4960B /* Models */,
				C8A88D65269C8F1B00F4960B /* Views */,
				C8A88D6A269C8F7700F4960B /* Controllers */,
				C8A88D66269C8F3100F4960B /* UI */,
				C8A88D69269C8F5200F4960B /* Storyboard */,
				C8A88D6B269C8F9C00F4960B /* Environment */,
				C8A88D6E269C8FC100F4960B /* Extensions */,
				C8A88D6F269C8FC700F4960B /* Protocols */,
				C8A88D55269C7D2000F4960B /* Assets.xcassets */,
				C8C84B0826A02B84001EEE53 /* PDF Files */,
				C8AB313526BADDD300D082CA /* Helpers */,
				C88DE8E126AAC9B800E6E17D /* Third Party Libraries */,
			);
			path = "Forecourt Operations App";
			sourceTree = "<group>";
		};
		C8A88D60269C8EE000F4960B /* Models */ = {
			isa = PBXGroup;
			children = (
				C8A88D62269C8EF300F4960B /* Managed Objects */,
				C8A88D61269C8EED00F4960B /* Core Data */,
				C8AB314026BAE2B000D082CA /* Structs */,
			);
			path = Models;
			sourceTree = "<group>";
		};
		C8A88D61269C8EED00F4960B /* Core Data */ = {
			isa = PBXGroup;
			children = (
				C86D688026A190AD004A0D48 /* CoreData.swift */,
				C86D688226A1935B004A0D48 /* Data.xcdatamodeld */,
			);
			path = "Core Data";
			sourceTree = "<group>";
		};
		C8A88D62269C8EF300F4960B /* Managed Objects */ = {
			isa = PBXGroup;
			children = (
				C8A88D64269C8F0100F4960B /* Properties */,
				C8A88D63269C8EFC00F4960B /* Classes */,
			);
			path = "Managed Objects";
			sourceTree = "<group>";
		};
		C8A88D63269C8EFC00F4960B /* Classes */ = {
			isa = PBXGroup;
			children = (
				C86D688526A1A391004A0D48 /* DirectoryMO+CoreDataClass.swift */,
				C86D688926A1A391004A0D48 /* DocumentMO+CoreDataClass.swift */,
				C8C9D62F26A857B9002D9B91 /* HostMO+CoreDataClass.swift */,
				C86D688726A1A391004A0D48 /* UserMO+CoreDataClass.swift */,
			);
			path = Classes;
			sourceTree = "<group>";
		};
		C8A88D64269C8F0100F4960B /* Properties */ = {
			isa = PBXGroup;
			children = (
				C8AAA87D26C66C8A00E82E88 /* DirectoryMO+CoreDataProperties.swift */,
				C8AAA87F26C66C8A00E82E88 /* DocumentMO+CoreDataProperties.swift */,
				C8C9D63026A857B9002D9B91 /* HostMO+CoreDataProperties.swift */,
				C89DDF7526BD4F1C00DB4B09 /* UserMO+CoreDataProperties.swift */,
			);
			path = Properties;
			sourceTree = "<group>";
		};
		C8A88D65269C8F1B00F4960B /* Views */ = {
			isa = PBXGroup;
			children = (
				C8C9D63626A85E4A002D9B91 /* AboutVC */,
				C8C9D63D26A86BF1002D9B91 /* ConfigVC */,
				C8C9D63E26A86C01002D9B91 /* ConfigLoginVC */,
				C8C9D63F26A86C12002D9B91 /* EditConfigVC */,
				C8C9D63426A85E22002D9B91 /* DirectoryVC */,
				C8C9D63526A85E35002D9B91 /* DocumentVC */,
				C8C9D63326A85E04002D9B91 /* LoginVC */,
			);
			path = Views;
			sourceTree = "<group>";
		};
		C8A88D66269C8F3100F4960B /* UI */ = {
			isa = PBXGroup;
			children = (
				C8A88D67269C8F4000F4960B /* Buttons */,
				C8A88D68269C8F4800F4960B /* Cells */,
				C86D689926A1E396004A0D48 /* TextFields */,
				C8AB314326BAE72A00D082CA /* Spinner */,
			);
			path = UI;
			sourceTree = "<group>";
		};
		C8A88D67269C8F4000F4960B /* Buttons */ = {
			isa = PBXGroup;
			children = (
				C8A88D78269C9D7700F4960B /* BackButton.swift */,
				C8C9D62726A83670002D9B91 /* MenuButton.swift */,
			);
			path = Buttons;
			sourceTree = "<group>";
		};
		C8A88D68269C8F4800F4960B /* Cells */ = {
			isa = PBXGroup;
			children = (
				C8C84B0B26A0478D001EEE53 /* DirectoryCell.swift */,
				C8C84B0D26A04796001EEE53 /* DocumentCell.swift */,
				C8AA76B326AAE8EA00FE9527 /* HostCell.swift */,
			);
			path = Cells;
			sourceTree = "<group>";
		};
		C8A88D69269C8F5200F4960B /* Storyboard */ = {
			isa = PBXGroup;
			children = (
				C8A88D57269C7D2000F4960B /* LaunchScreen.storyboard */,
				C8A88D52269C7D1E00F4960B /* Main.storyboard */,
			);
			path = Storyboard;
			sourceTree = "<group>";
		};
		C8A88D6A269C8F7700F4960B /* Controllers */ = {
			isa = PBXGroup;
			children = (
				C86D689126A1A41A004A0D48 /* AuthController.swift */,
				C813815426C1738800581C84 /* DirectoryController.swift */,
				C845176626C3203200DAD20D /* DocumentController.swift */,
				C82C3D6F26C51DF400623348 /* FileController.swift */,
				C8A88D70269C97A100F4960B /* StateController.swift */,
				C86D689326A1A4D3004A0D48 /* NetworkController.swift */,
				C86D689526A1A512004A0D48 /* NetworkController+Responses.swift */,
			);
			path = Controllers;
			sourceTree = "<group>";
		};
		C8A88D6B269C8F9C00F4960B /* Environment */ = {
			isa = PBXGroup;
			children = (
				C8A88D6C269C8FAF00F4960B /* Config */,
				C8A88D6D269C8FB400F4960B /* PList */,
				C8C9D63926A860D3002D9B91 /* EnvironmentHandler.swift */,
			);
			path = Environment;
			sourceTree = "<group>";
		};
		C8A88D6C269C8FAF00F4960B /* Config */ = {
			isa = PBXGroup;
			children = (
				C8AA76B726AAEDC500FE9527 /* Dev.xcconfig */,
				C8AA76B926AB0D5F00FE9527 /* Staging.xcconfig */,
				C8AA76BB26AB0D6E00FE9527 /* Live.xcconfig */,
			);
			path = Config;
			sourceTree = "<group>";
		};
		C8A88D6D269C8FB400F4960B /* PList */ = {
			isa = PBXGroup;
			children = (
				C8A88D5A269C7D2000F4960B /* Dev.plist */,
				C8AA76C026AB0EE800FE9527 /* Staging.plist */,
				C8AA76BF26AB0EE800FE9527 /* Live.plist */,
			);
			path = PList;
			sourceTree = "<group>";
		};
		C8A88D6E269C8FC100F4960B /* Extensions */ = {
			isa = PBXGroup;
			children = (
				C8A88D74269C9D3900F4960B /* UITableView+Extension.swift */,
				C825A3CB26A98ADF00B2C4E5 /* UIDevice+Extension.swift */,
				C89DDF7826BD69EC00DB4B09 /* Data+Extension.swift */,
				C8AB313C26BADF5F00D082CA /* Date+Extension.swift */,
				C8AB313E26BADF8C00D082CA /* String+Extension.swift */,
				C8AA76B526AAE94800FE9527 /* UIColor+Extension.swift */,
				C85862D026B9532A007EE929 /* UIRefreshControl+Extension.swift */,
			);
			path = Extensions;
			sourceTree = "<group>";
		};
		C8A88D6F269C8FC700F4960B /* Protocols */ = {
			isa = PBXGroup;
			children = (
				C8A88D76269C9D5500F4960B /* HasBackButton.swift */,
				C8C9D62526A82B41002D9B91 /* HasMenuButton.swift */,
			);
			path = Protocols;
			sourceTree = "<group>";
		};
		C8AB313526BADDD300D082CA /* Helpers */ = {
			isa = PBXGroup;
			children = (
				C8AB313626BADEBE00D082CA /* Cryption.swift */,
				C8AB313826BADED300D082CA /* DailyPassword.swift */,
				C8AB313A26BADEE400D082CA /* Hash.swift */,
			);
			path = Helpers;
			sourceTree = "<group>";
		};
		C8AB314026BAE2B000D082CA /* Structs */ = {
			isa = PBXGroup;
			children = (
				C8AB314126BAE3FB00D082CA /* UserCredential.swift */,
			);
			path = Structs;
			sourceTree = "<group>";
		};
		C8AB314326BAE72A00D082CA /* Spinner */ = {
			isa = PBXGroup;
			children = (
				C8AB314426BAE73A00D082CA /* Spinner.swift */,
			);
			path = Spinner;
			sourceTree = "<group>";
		};
		C8C84B0826A02B84001EEE53 /* PDF Files */ = {
			isa = PBXGroup;
			children = (
				C8C84B0926A02BF2001EEE53 /* Test PDF 1.pdf */,
			);
			path = "PDF Files";
			sourceTree = "<group>";
		};
		C8C9D63326A85E04002D9B91 /* LoginVC */ = {
			isa = PBXGroup;
			children = (
				C86D689726A1D1F4004A0D48 /* LoginVC.swift */,
				C8C8DF4826A4E390008363FD /* LoginVC+TextField.swift */,
				C8C9D62926A84E26002D9B91 /* LoginVC+Alerts.swift */,
			);
			path = LoginVC;
			sourceTree = "<group>";
		};
		C8C9D63426A85E22002D9B91 /* DirectoryVC */ = {
			isa = PBXGroup;
			children = (
				C8EF3111269D964800429A0C /* DirectoryVC.swift */,
				C8AAA88426C6A67000E82E88 /* DirectoryVC+Alerts.swift */,
				C8EF3113269D965C00429A0C /* DirectoryVC+Table.swift */,
				C8D506F7269F9732004B6252 /* DirectoryVC+Search.swift */,
			);
			path = DirectoryVC;
			sourceTree = "<group>";
		};
		C8C9D63526A85E35002D9B91 /* DocumentVC */ = {
			isa = PBXGroup;
			children = (
				C8C84B0626A02A9C001EEE53 /* DocumentVC.swift */,
			);
			path = DocumentVC;
			sourceTree = "<group>";
		};
		C8C9D63626A85E4A002D9B91 /* AboutVC */ = {
			isa = PBXGroup;
			children = (
				C8C9D63726A85E5A002D9B91 /* AboutVC.swift */,
				C8C9D63B26A8632B002D9B91 /* AboutVC+Table.swift */,
				C88DE8E626AACD1600E6E17D /* AboutVC+SimplePing.swift */,
			);
			path = AboutVC;
			sourceTree = "<group>";
		};
		C8C9D63D26A86BF1002D9B91 /* ConfigVC */ = {
			isa = PBXGroup;
			children = (
				C8C9D64026A86C6E002D9B91 /* ConfigVC.swift */,
				C8C9D64226A86CA6002D9B91 /* ConfigVC+Table.swift */,
				C85862D226B95361007EE929 /* ConfigVC+Alerts.swift */,
				C85862D426B95372007EE929 /* ConfigVC+SimplePing.swift */,
			);
			path = ConfigVC;
			sourceTree = "<group>";
		};
		C8C9D63E26A86C01002D9B91 /* ConfigLoginVC */ = {
			isa = PBXGroup;
			children = (
				C8C9D64426A86CB4002D9B91 /* ConfigLoginVC.swift */,
				C825A3CF26A9B4B800B2C4E5 /* ConfigLoginVC+TextField.swift */,
				C825A3CD26A996B800B2C4E5 /* ConfigLoginVC+Alerts.swift */,
			);
			path = ConfigLoginVC;
			sourceTree = "<group>";
		};
		C8C9D63F26A86C12002D9B91 /* EditConfigVC */ = {
			isa = PBXGroup;
			children = (
				C8C9D64826A8737B002D9B91 /* EditConfigVC.swift */,
				C8AB313326BAA0F300D082CA /* EditConfigVC+Alerts.swift */,
			);
			path = EditConfigVC;
			sourceTree = "<group>";
		};
/* End PBXGroup section */

/* Begin PBXNativeTarget section */
		C8A88D48269C7D1E00F4960B /* FCT Operations */ = {
			isa = PBXNativeTarget;
			buildConfigurationList = C8A88D5D269C7D2000F4960B /* Build configuration list for PBXNativeTarget "FCT Operations" */;
			buildPhases = (
				C8A88D45269C7D1E00F4960B /* Sources */,
				C8A88D46269C7D1E00F4960B /* Frameworks */,
				C8A88D47269C7D1E00F4960B /* Resources */,
			);
			buildRules = (
			);
			dependencies = (
			);
			name = "FCT Operations";
			productName = "Forecourt Documents";
			productReference = C8A88D49269C7D1E00F4960B /* FCT Operations.app */;
			productType = "com.apple.product-type.application";
		};
/* End PBXNativeTarget section */

/* Begin PBXProject section */
		C8A88D41269C7D1E00F4960B /* Project object */ = {
			isa = PBXProject;
			attributes = {
				LastSwiftUpdateCheck = 1250;
				LastUpgradeCheck = 1250;
				TargetAttributes = {
					C8A88D48269C7D1E00F4960B = {
						CreatedOnToolsVersion = 12.5.1;
					};
				};
			};
			buildConfigurationList = C8A88D44269C7D1E00F4960B /* Build configuration list for PBXProject "FCT Operations" */;
			compatibilityVersion = "Xcode 9.3";
			developmentRegion = en;
			hasScannedForEncodings = 0;
			knownRegions = (
				en,
				Base,
			);
			mainGroup = C8A88D40269C7D1E00F4960B;
			productRefGroup = C8A88D4A269C7D1E00F4960B /* Products */;
			projectDirPath = "";
			projectRoot = "";
			targets = (
				C8A88D48269C7D1E00F4960B /* FCT Operations */,
			);
		};
/* End PBXProject section */

/* Begin PBXResourcesBuildPhase section */
		C8A88D47269C7D1E00F4960B /* Resources */ = {
			isa = PBXResourcesBuildPhase;
			buildActionMask = 2147483647;
			files = (
				C8A88D59269C7D2000F4960B /* LaunchScreen.storyboard in Resources */,
				C8C84B0A26A02BF2001EEE53 /* Test PDF 1.pdf in Resources */,
				C8A88D56269C7D2000F4960B /* Assets.xcassets in Resources */,
				C8A88D54269C7D1E00F4960B /* Main.storyboard in Resources */,
			);
			runOnlyForDeploymentPostprocessing = 0;
		};
/* End PBXResourcesBuildPhase section */

/* Begin PBXSourcesBuildPhase section */
		C8A88D45269C7D1E00F4960B /* Sources */ = {
			isa = PBXSourcesBuildPhase;
			buildActionMask = 2147483647;
			files = (
				C86D689426A1A4D3004A0D48 /* NetworkController.swift in Sources */,
				C8C9D63A26A860D3002D9B91 /* EnvironmentHandler.swift in Sources */,
				C8C8DF4926A4E390008363FD /* LoginVC+TextField.swift in Sources */,
				C82C3D7026C51DF400623348 /* FileController.swift in Sources */,
				C8C9D64926A8737B002D9B91 /* EditConfigVC.swift in Sources */,
				C86D689826A1D1F4004A0D48 /* LoginVC.swift in Sources */,
				C8C84B0E26A04796001EEE53 /* DocumentCell.swift in Sources */,
				C85862D326B95361007EE929 /* ConfigVC+Alerts.swift in Sources */,
				C86D689626A1A512004A0D48 /* NetworkController+Responses.swift in Sources */,
				C8AB313D26BADF5F00D082CA /* Date+Extension.swift in Sources */,
				C8AB313B26BADEE400D082CA /* Hash.swift in Sources */,
				C86D688126A190AD004A0D48 /* CoreData.swift in Sources */,
				C8A88D4D269C7D1E00F4960B /* AppDelegate.swift in Sources */,
				C86D689B26A1E40A004A0D48 /* PlainTextField.swift in Sources */,
				C825A3CE26A996B800B2C4E5 /* ConfigLoginVC+Alerts.swift in Sources */,
				C8C84B0726A02A9C001EEE53 /* DocumentVC.swift in Sources */,
				C8A88D71269C97A100F4960B /* StateController.swift in Sources */,
				C825A3CC26A98ADF00B2C4E5 /* UIDevice+Extension.swift in Sources */,
				C86D688426A1935B004A0D48 /* Data.xcdatamodeld in Sources */,
				C86D688B26A1A391004A0D48 /* DirectoryMO+CoreDataClass.swift in Sources */,
				C879884626AAE1BD00BB24C0 /* SimplePing.m in Sources */,
				C8C9D63126A857B9002D9B91 /* HostMO+CoreDataClass.swift in Sources */,
				C88DE8E726AACD1600E6E17D /* AboutVC+SimplePing.swift in Sources */,
				C85862D126B9532A007EE929 /* UIRefreshControl+Extension.swift in Sources */,
				C8AAA88326C66C8A00E82E88 /* DocumentMO+CoreDataProperties.swift in Sources */,
				C85862D526B95372007EE929 /* ConfigVC+SimplePing.swift in Sources */,
				C813815526C1738800581C84 /* DirectoryController.swift in Sources */,
				C8C9D62626A82B41002D9B91 /* HasMenuButton.swift in Sources */,
				C8A88D79269C9D7700F4960B /* BackButton.swift in Sources */,
				C8C9D62A26A84E26002D9B91 /* LoginVC+Alerts.swift in Sources */,
				C8AB313426BAA0F300D082CA /* EditConfigVC+Alerts.swift in Sources */,
				C8C84B0C26A0478D001EEE53 /* DirectoryCell.swift in Sources */,
				C8AB314226BAE3FB00D082CA /* UserCredential.swift in Sources */,
				C8AB314526BAE73A00D082CA /* Spinner.swift in Sources */,
				C8C9D62826A83670002D9B91 /* MenuButton.swift in Sources */,
				C89DDF7726BD4F1C00DB4B09 /* UserMO+CoreDataProperties.swift in Sources */,
				C8C9D64326A86CA6002D9B91 /* ConfigVC+Table.swift in Sources */,
				C8EF3112269D964800429A0C /* DirectoryVC.swift in Sources */,
				C8AB313926BADED300D082CA /* DailyPassword.swift in Sources */,
				C8C9D64126A86C6E002D9B91 /* ConfigVC.swift in Sources */,
				C8EF3114269D965C00429A0C /* DirectoryVC+Table.swift in Sources */,
				C8C9D63C26A8632B002D9B91 /* AboutVC+Table.swift in Sources */,
				C8A88D77269C9D5500F4960B /* HasBackButton.swift in Sources */,
				C8D506F8269F9732004B6252 /* DirectoryVC+Search.swift in Sources */,
				C8C9D63226A857B9002D9B91 /* HostMO+CoreDataProperties.swift in Sources */,
				C825A3D026A9B4B800B2C4E5 /* ConfigLoginVC+TextField.swift in Sources */,
				C8C9D64526A86CB4002D9B91 /* ConfigLoginVC.swift in Sources */,
				C86D688F26A1A391004A0D48 /* DocumentMO+CoreDataClass.swift in Sources */,
				C845176726C3203200DAD20D /* DocumentController.swift in Sources */,
				C8A88D75269C9D3900F4960B /* UITableView+Extension.swift in Sources */,
				C8AAA88526C6A67000E82E88 /* DirectoryVC+Alerts.swift in Sources */,
				C8AB313F26BADF8C00D082CA /* String+Extension.swift in Sources */,
				C89DDF7926BD69EC00DB4B09 /* Data+Extension.swift in Sources */,
				C8AB313726BADEBE00D082CA /* Cryption.swift in Sources */,
				C8AA76B626AAE94800FE9527 /* UIColor+Extension.swift in Sources */,
				C8C9D63826A85E5A002D9B91 /* AboutVC.swift in Sources */,
				C86D689226A1A41A004A0D48 /* AuthController.swift in Sources */,
				C86D688D26A1A391004A0D48 /* UserMO+CoreDataClass.swift in Sources */,
				C8AA76B426AAE8EA00FE9527 /* HostCell.swift in Sources */,
				C8AAA88126C66C8A00E82E88 /* DirectoryMO+CoreDataProperties.swift in Sources */,
			);
			runOnlyForDeploymentPostprocessing = 0;
		};
/* End PBXSourcesBuildPhase section */

/* Begin PBXVariantGroup section */
		C8A88D52269C7D1E00F4960B /* Main.storyboard */ = {
			isa = PBXVariantGroup;
			children = (
				C8A88D53269C7D1E00F4960B /* Base */,
			);
			name = Main.storyboard;
			sourceTree = "<group>";
		};
		C8A88D57269C7D2000F4960B /* LaunchScreen.storyboard */ = {
			isa = PBXVariantGroup;
			children = (
				C8A88D58269C7D2000F4960B /* Base */,
			);
			name = LaunchScreen.storyboard;
			sourceTree = "<group>";
		};
/* End PBXVariantGroup section */

/* Begin XCBuildConfiguration section */
		C8A88D5B269C7D2000F4960B /* Debug (Live) */ = {
			isa = XCBuildConfiguration;
			baseConfigurationReference = C8AA76BB26AB0D6E00FE9527 /* Live.xcconfig */;
			buildSettings = {
				ALWAYS_SEARCH_USER_PATHS = NO;
				CLANG_ANALYZER_NONNULL = YES;
				CLANG_ANALYZER_NUMBER_OBJECT_CONVERSION = YES_AGGRESSIVE;
				CLANG_CXX_LANGUAGE_STANDARD = "gnu++14";
				CLANG_CXX_LIBRARY = "libc++";
				CLANG_ENABLE_MODULES = YES;
				CLANG_ENABLE_OBJC_ARC = YES;
				CLANG_ENABLE_OBJC_WEAK = YES;
				CLANG_WARN_BLOCK_CAPTURE_AUTORELEASING = YES;
				CLANG_WARN_BOOL_CONVERSION = YES;
				CLANG_WARN_COMMA = YES;
				CLANG_WARN_CONSTANT_CONVERSION = YES;
				CLANG_WARN_DEPRECATED_OBJC_IMPLEMENTATIONS = YES;
				CLANG_WARN_DIRECT_OBJC_ISA_USAGE = YES_ERROR;
				CLANG_WARN_DOCUMENTATION_COMMENTS = YES;
				CLANG_WARN_EMPTY_BODY = YES;
				CLANG_WARN_ENUM_CONVERSION = YES;
				CLANG_WARN_INFINITE_RECURSION = YES;
				CLANG_WARN_INT_CONVERSION = YES;
				CLANG_WARN_NON_LITERAL_NULL_CONVERSION = YES;
				CLANG_WARN_OBJC_IMPLICIT_RETAIN_SELF = YES;
				CLANG_WARN_OBJC_LITERAL_CONVERSION = YES;
				CLANG_WARN_OBJC_ROOT_CLASS = YES_ERROR;
				CLANG_WARN_QUOTED_INCLUDE_IN_FRAMEWORK_HEADER = YES;
				CLANG_WARN_RANGE_LOOP_ANALYSIS = YES;
				CLANG_WARN_STRICT_PROTOTYPES = YES;
				CLANG_WARN_SUSPICIOUS_MOVE = YES;
				CLANG_WARN_UNGUARDED_AVAILABILITY = YES_AGGRESSIVE;
				CLANG_WARN_UNREACHABLE_CODE = YES;
				CLANG_WARN__DUPLICATE_METHOD_MATCH = YES;
				COPY_PHASE_STRIP = NO;
				DEBUG_INFORMATION_FORMAT = dwarf;
				ENABLE_STRICT_OBJC_MSGSEND = YES;
				ENABLE_TESTABILITY = YES;
				GCC_C_LANGUAGE_STANDARD = gnu11;
				GCC_DYNAMIC_NO_PIC = NO;
				GCC_NO_COMMON_BLOCKS = YES;
				GCC_OPTIMIZATION_LEVEL = 0;
				GCC_PREPROCESSOR_DEFINITIONS = (
					"DEBUG=1",
					"$(inherited)",
				);
				GCC_WARN_64_TO_32_BIT_CONVERSION = YES;
				GCC_WARN_ABOUT_RETURN_TYPE = YES_ERROR;
				GCC_WARN_UNDECLARED_SELECTOR = YES;
				GCC_WARN_UNINITIALIZED_AUTOS = YES_AGGRESSIVE;
				GCC_WARN_UNUSED_FUNCTION = YES;
				GCC_WARN_UNUSED_VARIABLE = YES;
				IPHONEOS_DEPLOYMENT_TARGET = 14.5;
				MTL_ENABLE_DEBUG_INFO = INCLUDE_SOURCE;
				MTL_FAST_MATH = YES;
				ONLY_ACTIVE_ARCH = YES;
				SDKROOT = iphoneos;
				SWIFT_ACTIVE_COMPILATION_CONDITIONS = DEBUG;
				SWIFT_OPTIMIZATION_LEVEL = "-Onone";
			};
			name = "Debug (Live)";
		};
		C8A88D5C269C7D2000F4960B /* Release (Live) */ = {
			isa = XCBuildConfiguration;
			baseConfigurationReference = C8AA76BB26AB0D6E00FE9527 /* Live.xcconfig */;
			buildSettings = {
				ALWAYS_SEARCH_USER_PATHS = NO;
				CLANG_ANALYZER_NONNULL = YES;
				CLANG_ANALYZER_NUMBER_OBJECT_CONVERSION = YES_AGGRESSIVE;
				CLANG_CXX_LANGUAGE_STANDARD = "gnu++14";
				CLANG_CXX_LIBRARY = "libc++";
				CLANG_ENABLE_MODULES = YES;
				CLANG_ENABLE_OBJC_ARC = YES;
				CLANG_ENABLE_OBJC_WEAK = YES;
				CLANG_WARN_BLOCK_CAPTURE_AUTORELEASING = YES;
				CLANG_WARN_BOOL_CONVERSION = YES;
				CLANG_WARN_COMMA = YES;
				CLANG_WARN_CONSTANT_CONVERSION = YES;
				CLANG_WARN_DEPRECATED_OBJC_IMPLEMENTATIONS = YES;
				CLANG_WARN_DIRECT_OBJC_ISA_USAGE = YES_ERROR;
				CLANG_WARN_DOCUMENTATION_COMMENTS = YES;
				CLANG_WARN_EMPTY_BODY = YES;
				CLANG_WARN_ENUM_CONVERSION = YES;
				CLANG_WARN_INFINITE_RECURSION = YES;
				CLANG_WARN_INT_CONVERSION = YES;
				CLANG_WARN_NON_LITERAL_NULL_CONVERSION = YES;
				CLANG_WARN_OBJC_IMPLICIT_RETAIN_SELF = YES;
				CLANG_WARN_OBJC_LITERAL_CONVERSION = YES;
				CLANG_WARN_OBJC_ROOT_CLASS = YES_ERROR;
				CLANG_WARN_QUOTED_INCLUDE_IN_FRAMEWORK_HEADER = YES;
				CLANG_WARN_RANGE_LOOP_ANALYSIS = YES;
				CLANG_WARN_STRICT_PROTOTYPES = YES;
				CLANG_WARN_SUSPICIOUS_MOVE = YES;
				CLANG_WARN_UNGUARDED_AVAILABILITY = YES_AGGRESSIVE;
				CLANG_WARN_UNREACHABLE_CODE = YES;
				CLANG_WARN__DUPLICATE_METHOD_MATCH = YES;
				COPY_PHASE_STRIP = NO;
				DEBUG_INFORMATION_FORMAT = "dwarf-with-dsym";
				ENABLE_NS_ASSERTIONS = NO;
				ENABLE_STRICT_OBJC_MSGSEND = YES;
				GCC_C_LANGUAGE_STANDARD = gnu11;
				GCC_NO_COMMON_BLOCKS = YES;
				GCC_WARN_64_TO_32_BIT_CONVERSION = YES;
				GCC_WARN_ABOUT_RETURN_TYPE = YES_ERROR;
				GCC_WARN_UNDECLARED_SELECTOR = YES;
				GCC_WARN_UNINITIALIZED_AUTOS = YES_AGGRESSIVE;
				GCC_WARN_UNUSED_FUNCTION = YES;
				GCC_WARN_UNUSED_VARIABLE = YES;
				IPHONEOS_DEPLOYMENT_TARGET = 14.5;
				MTL_ENABLE_DEBUG_INFO = NO;
				MTL_FAST_MATH = YES;
				SDKROOT = iphoneos;
				SWIFT_COMPILATION_MODE = wholemodule;
				SWIFT_OPTIMIZATION_LEVEL = "-O";
				VALIDATE_PRODUCT = YES;
			};
			name = "Release (Live)";
		};
		C8A88D5E269C7D2000F4960B /* Debug (Live) */ = {
			isa = XCBuildConfiguration;
			baseConfigurationReference = C8AA76BB26AB0D6E00FE9527 /* Live.xcconfig */;
			buildSettings = {
				ASSETCATALOG_COMPILER_APPICON_NAME = AppIcon;
				ASSETCATALOG_COMPILER_GLOBAL_ACCENT_COLOR_NAME = AccentColor;
				CODE_SIGN_STYLE = Automatic;
				DEVELOPMENT_TEAM = 26792VELF2;
				INFOPLIST_FILE = "Forecourt Operations App/Environment/PList/Live.plist";
				IPHONEOS_DEPLOYMENT_TARGET = 14.1;
				LD_RUNPATH_SEARCH_PATHS = (
					"$(inherited)",
					"@executable_path/Frameworks",
				);
				PRODUCT_BUNDLE_IDENTIFIER = "com.moto.forecourt-operations-live";
				PRODUCT_NAME = "$(TARGET_NAME)";
				SWIFT_OBJC_BRIDGING_HEADER = "Forecourt Operations App/Third Party Libraries/Simple Ping/SimplePing-Bridging-Header.h";
				SWIFT_VERSION = 5.0;
				TARGETED_DEVICE_FAMILY = 2;
			};
			name = "Debug (Live)";
		};
		C8A88D5F269C7D2000F4960B /* Release (Live) */ = {
			isa = XCBuildConfiguration;
			baseConfigurationReference = C8AA76BB26AB0D6E00FE9527 /* Live.xcconfig */;
			buildSettings = {
				ASSETCATALOG_COMPILER_APPICON_NAME = AppIcon;
				ASSETCATALOG_COMPILER_GLOBAL_ACCENT_COLOR_NAME = AccentColor;
				CODE_SIGN_STYLE = Automatic;
				DEVELOPMENT_TEAM = 26792VELF2;
				INFOPLIST_FILE = "Forecourt Operations AppEnvironment/PList/Live.plist";
				IPHONEOS_DEPLOYMENT_TARGET = 14.1;
				LD_RUNPATH_SEARCH_PATHS = (
					"$(inherited)",
					"@executable_path/Frameworks",
				);
				PRODUCT_BUNDLE_IDENTIFIER = "com.moto.forecourt-operations-live";
				PRODUCT_NAME = "$(TARGET_NAME)";
				SWIFT_OBJC_BRIDGING_HEADER = "Forecourt Operations App/Third Party Libraries/Simple Ping/SimplePing-Bridging-Header.h";
				SWIFT_VERSION = 5.0;
				TARGETED_DEVICE_FAMILY = 2;
			};
			name = "Release (Live)";
		};
		C8AA76C326AB0F8C00FE9527 /* Debug (Dev) */ = {
			isa = XCBuildConfiguration;
			baseConfigurationReference = C8AA76B726AAEDC500FE9527 /* Dev.xcconfig */;
			buildSettings = {
				ALWAYS_SEARCH_USER_PATHS = NO;
				CLANG_ANALYZER_NONNULL = YES;
				CLANG_ANALYZER_NUMBER_OBJECT_CONVERSION = YES_AGGRESSIVE;
				CLANG_CXX_LANGUAGE_STANDARD = "gnu++14";
				CLANG_CXX_LIBRARY = "libc++";
				CLANG_ENABLE_MODULES = YES;
				CLANG_ENABLE_OBJC_ARC = YES;
				CLANG_ENABLE_OBJC_WEAK = YES;
				CLANG_WARN_BLOCK_CAPTURE_AUTORELEASING = YES;
				CLANG_WARN_BOOL_CONVERSION = YES;
				CLANG_WARN_COMMA = YES;
				CLANG_WARN_CONSTANT_CONVERSION = YES;
				CLANG_WARN_DEPRECATED_OBJC_IMPLEMENTATIONS = YES;
				CLANG_WARN_DIRECT_OBJC_ISA_USAGE = YES_ERROR;
				CLANG_WARN_DOCUMENTATION_COMMENTS = YES;
				CLANG_WARN_EMPTY_BODY = YES;
				CLANG_WARN_ENUM_CONVERSION = YES;
				CLANG_WARN_INFINITE_RECURSION = YES;
				CLANG_WARN_INT_CONVERSION = YES;
				CLANG_WARN_NON_LITERAL_NULL_CONVERSION = YES;
				CLANG_WARN_OBJC_IMPLICIT_RETAIN_SELF = YES;
				CLANG_WARN_OBJC_LITERAL_CONVERSION = YES;
				CLANG_WARN_OBJC_ROOT_CLASS = YES_ERROR;
				CLANG_WARN_QUOTED_INCLUDE_IN_FRAMEWORK_HEADER = YES;
				CLANG_WARN_RANGE_LOOP_ANALYSIS = YES;
				CLANG_WARN_STRICT_PROTOTYPES = YES;
				CLANG_WARN_SUSPICIOUS_MOVE = YES;
				CLANG_WARN_UNGUARDED_AVAILABILITY = YES_AGGRESSIVE;
				CLANG_WARN_UNREACHABLE_CODE = YES;
				CLANG_WARN__DUPLICATE_METHOD_MATCH = YES;
				COPY_PHASE_STRIP = NO;
				DEBUG_INFORMATION_FORMAT = dwarf;
				ENABLE_STRICT_OBJC_MSGSEND = YES;
				ENABLE_TESTABILITY = YES;
				GCC_C_LANGUAGE_STANDARD = gnu11;
				GCC_DYNAMIC_NO_PIC = NO;
				GCC_NO_COMMON_BLOCKS = YES;
				GCC_OPTIMIZATION_LEVEL = 0;
				GCC_PREPROCESSOR_DEFINITIONS = (
					"DEBUG=1",
					"$(inherited)",
				);
				GCC_WARN_64_TO_32_BIT_CONVERSION = YES;
				GCC_WARN_ABOUT_RETURN_TYPE = YES_ERROR;
				GCC_WARN_UNDECLARED_SELECTOR = YES;
				GCC_WARN_UNINITIALIZED_AUTOS = YES_AGGRESSIVE;
				GCC_WARN_UNUSED_FUNCTION = YES;
				GCC_WARN_UNUSED_VARIABLE = YES;
				IPHONEOS_DEPLOYMENT_TARGET = 14.5;
				MTL_ENABLE_DEBUG_INFO = INCLUDE_SOURCE;
				MTL_FAST_MATH = YES;
				ONLY_ACTIVE_ARCH = YES;
				SDKROOT = iphoneos;
				SWIFT_ACTIVE_COMPILATION_CONDITIONS = DEBUG;
				SWIFT_OPTIMIZATION_LEVEL = "-Onone";
			};
			name = "Debug (Dev)";
		};
		C8AA76C426AB0F8C00FE9527 /* Debug (Dev) */ = {
			isa = XCBuildConfiguration;
			baseConfigurationReference = C8AA76B726AAEDC500FE9527 /* Dev.xcconfig */;
			buildSettings = {
				ASSETCATALOG_COMPILER_APPICON_NAME = "AppIcon-Dev";
				ASSETCATALOG_COMPILER_GLOBAL_ACCENT_COLOR_NAME = AccentColor;
				CODE_SIGN_STYLE = Automatic;
				DEVELOPMENT_TEAM = 26792VELF2;
				INFOPLIST_FILE = "Forecourt Operations App/Environment/PList/Dev.plist";
				IPHONEOS_DEPLOYMENT_TARGET = 14.1;
				LD_RUNPATH_SEARCH_PATHS = (
					"$(inherited)",
					"@executable_path/Frameworks",
				);
				PRODUCT_BUNDLE_IDENTIFIER = "com.moto.forecourt-operations-dev";
				PRODUCT_NAME = "$(TARGET_NAME)";
				SWIFT_OBJC_BRIDGING_HEADER = "Forecourt Operations App/Third Party Libraries/Simple Ping/SimplePing-Bridging-Header.h";
				SWIFT_VERSION = 5.0;
				TARGETED_DEVICE_FAMILY = 2;
			};
			name = "Debug (Dev)";
		};
		C8AA76C526AB0F9600FE9527 /* Debug (Staging) */ = {
			isa = XCBuildConfiguration;
			baseConfigurationReference = C8AA76B926AB0D5F00FE9527 /* Staging.xcconfig */;
			buildSettings = {
				ALWAYS_SEARCH_USER_PATHS = NO;
				CLANG_ANALYZER_NONNULL = YES;
				CLANG_ANALYZER_NUMBER_OBJECT_CONVERSION = YES_AGGRESSIVE;
				CLANG_CXX_LANGUAGE_STANDARD = "gnu++14";
				CLANG_CXX_LIBRARY = "libc++";
				CLANG_ENABLE_MODULES = YES;
				CLANG_ENABLE_OBJC_ARC = YES;
				CLANG_ENABLE_OBJC_WEAK = YES;
				CLANG_WARN_BLOCK_CAPTURE_AUTORELEASING = YES;
				CLANG_WARN_BOOL_CONVERSION = YES;
				CLANG_WARN_COMMA = YES;
				CLANG_WARN_CONSTANT_CONVERSION = YES;
				CLANG_WARN_DEPRECATED_OBJC_IMPLEMENTATIONS = YES;
				CLANG_WARN_DIRECT_OBJC_ISA_USAGE = YES_ERROR;
				CLANG_WARN_DOCUMENTATION_COMMENTS = YES;
				CLANG_WARN_EMPTY_BODY = YES;
				CLANG_WARN_ENUM_CONVERSION = YES;
				CLANG_WARN_INFINITE_RECURSION = YES;
				CLANG_WARN_INT_CONVERSION = YES;
				CLANG_WARN_NON_LITERAL_NULL_CONVERSION = YES;
				CLANG_WARN_OBJC_IMPLICIT_RETAIN_SELF = YES;
				CLANG_WARN_OBJC_LITERAL_CONVERSION = YES;
				CLANG_WARN_OBJC_ROOT_CLASS = YES_ERROR;
				CLANG_WARN_QUOTED_INCLUDE_IN_FRAMEWORK_HEADER = YES;
				CLANG_WARN_RANGE_LOOP_ANALYSIS = YES;
				CLANG_WARN_STRICT_PROTOTYPES = YES;
				CLANG_WARN_SUSPICIOUS_MOVE = YES;
				CLANG_WARN_UNGUARDED_AVAILABILITY = YES_AGGRESSIVE;
				CLANG_WARN_UNREACHABLE_CODE = YES;
				CLANG_WARN__DUPLICATE_METHOD_MATCH = YES;
				COPY_PHASE_STRIP = NO;
				DEBUG_INFORMATION_FORMAT = dwarf;
				ENABLE_STRICT_OBJC_MSGSEND = YES;
				ENABLE_TESTABILITY = YES;
				GCC_C_LANGUAGE_STANDARD = gnu11;
				GCC_DYNAMIC_NO_PIC = NO;
				GCC_NO_COMMON_BLOCKS = YES;
				GCC_OPTIMIZATION_LEVEL = 0;
				GCC_PREPROCESSOR_DEFINITIONS = (
					"DEBUG=1",
					"$(inherited)",
				);
				GCC_WARN_64_TO_32_BIT_CONVERSION = YES;
				GCC_WARN_ABOUT_RETURN_TYPE = YES_ERROR;
				GCC_WARN_UNDECLARED_SELECTOR = YES;
				GCC_WARN_UNINITIALIZED_AUTOS = YES_AGGRESSIVE;
				GCC_WARN_UNUSED_FUNCTION = YES;
				GCC_WARN_UNUSED_VARIABLE = YES;
				IPHONEOS_DEPLOYMENT_TARGET = 14.5;
				MTL_ENABLE_DEBUG_INFO = INCLUDE_SOURCE;
				MTL_FAST_MATH = YES;
				ONLY_ACTIVE_ARCH = YES;
				SDKROOT = iphoneos;
				SWIFT_ACTIVE_COMPILATION_CONDITIONS = DEBUG;
				SWIFT_OPTIMIZATION_LEVEL = "-Onone";
			};
			name = "Debug (Staging)";
		};
		C8AA76C626AB0F9600FE9527 /* Debug (Staging) */ = {
			isa = XCBuildConfiguration;
			baseConfigurationReference = C8AA76B926AB0D5F00FE9527 /* Staging.xcconfig */;
			buildSettings = {
				ASSETCATALOG_COMPILER_APPICON_NAME = "AppIcon-Staging";
				ASSETCATALOG_COMPILER_GLOBAL_ACCENT_COLOR_NAME = AccentColor;
				CODE_SIGN_STYLE = Automatic;
				DEVELOPMENT_TEAM = 26792VELF2;
				INFOPLIST_FILE = "Forecourt Operations App/Environment/PList/Staging.plist";
				IPHONEOS_DEPLOYMENT_TARGET = 14.1;
				LD_RUNPATH_SEARCH_PATHS = (
					"$(inherited)",
					"@executable_path/Frameworks",
				);
				PRODUCT_BUNDLE_IDENTIFIER = "com.moto.forecourt-operations-staging";
				PRODUCT_NAME = "$(TARGET_NAME)";
				SWIFT_OBJC_BRIDGING_HEADER = "Forecourt Operations App/Third Party Libraries/Simple Ping/SimplePing-Bridging-Header.h";
				SWIFT_VERSION = 5.0;
				TARGETED_DEVICE_FAMILY = 2;
			};
			name = "Debug (Staging)";
		};
		C8AA76C726AB0FA800FE9527 /* Release (Dev) */ = {
			isa = XCBuildConfiguration;
			baseConfigurationReference = C8AA76B726AAEDC500FE9527 /* Dev.xcconfig */;
			buildSettings = {
				ALWAYS_SEARCH_USER_PATHS = NO;
				CLANG_ANALYZER_NONNULL = YES;
				CLANG_ANALYZER_NUMBER_OBJECT_CONVERSION = YES_AGGRESSIVE;
				CLANG_CXX_LANGUAGE_STANDARD = "gnu++14";
				CLANG_CXX_LIBRARY = "libc++";
				CLANG_ENABLE_MODULES = YES;
				CLANG_ENABLE_OBJC_ARC = YES;
				CLANG_ENABLE_OBJC_WEAK = YES;
				CLANG_WARN_BLOCK_CAPTURE_AUTORELEASING = YES;
				CLANG_WARN_BOOL_CONVERSION = YES;
				CLANG_WARN_COMMA = YES;
				CLANG_WARN_CONSTANT_CONVERSION = YES;
				CLANG_WARN_DEPRECATED_OBJC_IMPLEMENTATIONS = YES;
				CLANG_WARN_DIRECT_OBJC_ISA_USAGE = YES_ERROR;
				CLANG_WARN_DOCUMENTATION_COMMENTS = YES;
				CLANG_WARN_EMPTY_BODY = YES;
				CLANG_WARN_ENUM_CONVERSION = YES;
				CLANG_WARN_INFINITE_RECURSION = YES;
				CLANG_WARN_INT_CONVERSION = YES;
				CLANG_WARN_NON_LITERAL_NULL_CONVERSION = YES;
				CLANG_WARN_OBJC_IMPLICIT_RETAIN_SELF = YES;
				CLANG_WARN_OBJC_LITERAL_CONVERSION = YES;
				CLANG_WARN_OBJC_ROOT_CLASS = YES_ERROR;
				CLANG_WARN_QUOTED_INCLUDE_IN_FRAMEWORK_HEADER = YES;
				CLANG_WARN_RANGE_LOOP_ANALYSIS = YES;
				CLANG_WARN_STRICT_PROTOTYPES = YES;
				CLANG_WARN_SUSPICIOUS_MOVE = YES;
				CLANG_WARN_UNGUARDED_AVAILABILITY = YES_AGGRESSIVE;
				CLANG_WARN_UNREACHABLE_CODE = YES;
				CLANG_WARN__DUPLICATE_METHOD_MATCH = YES;
				COPY_PHASE_STRIP = NO;
				DEBUG_INFORMATION_FORMAT = "dwarf-with-dsym";
				ENABLE_NS_ASSERTIONS = NO;
				ENABLE_STRICT_OBJC_MSGSEND = YES;
				GCC_C_LANGUAGE_STANDARD = gnu11;
				GCC_NO_COMMON_BLOCKS = YES;
				GCC_WARN_64_TO_32_BIT_CONVERSION = YES;
				GCC_WARN_ABOUT_RETURN_TYPE = YES_ERROR;
				GCC_WARN_UNDECLARED_SELECTOR = YES;
				GCC_WARN_UNINITIALIZED_AUTOS = YES_AGGRESSIVE;
				GCC_WARN_UNUSED_FUNCTION = YES;
				GCC_WARN_UNUSED_VARIABLE = YES;
				IPHONEOS_DEPLOYMENT_TARGET = 14.5;
				MTL_ENABLE_DEBUG_INFO = NO;
				MTL_FAST_MATH = YES;
				SDKROOT = iphoneos;
				SWIFT_COMPILATION_MODE = wholemodule;
				SWIFT_OPTIMIZATION_LEVEL = "-O";
				VALIDATE_PRODUCT = YES;
			};
			name = "Release (Dev)";
		};
		C8AA76C826AB0FA800FE9527 /* Release (Dev) */ = {
			isa = XCBuildConfiguration;
			baseConfigurationReference = C8AA76B726AAEDC500FE9527 /* Dev.xcconfig */;
			buildSettings = {
				ASSETCATALOG_COMPILER_APPICON_NAME = "AppIcon-Dev";
				ASSETCATALOG_COMPILER_GLOBAL_ACCENT_COLOR_NAME = AccentColor;
				CODE_SIGN_STYLE = Automatic;
				DEVELOPMENT_TEAM = 26792VELF2;
				INFOPLIST_FILE = "Forecourt Operations App/Environment/PList/Dev.plist";
				IPHONEOS_DEPLOYMENT_TARGET = 14.1;
				LD_RUNPATH_SEARCH_PATHS = (
					"$(inherited)",
					"@executable_path/Frameworks",
				);
				PRODUCT_BUNDLE_IDENTIFIER = "com.moto.forecourt-operations-dev";
				PRODUCT_NAME = "$(TARGET_NAME)";
				SWIFT_OBJC_BRIDGING_HEADER = "Forecourt Operations App/Third Party Libraries/Simple Ping/SimplePing-Bridging-Header.h";
				SWIFT_VERSION = 5.0;
				TARGETED_DEVICE_FAMILY = 2;
			};
			name = "Release (Dev)";
		};
		C8AA76C926AB0FB000FE9527 /* Release (Staging) */ = {
			isa = XCBuildConfiguration;
			baseConfigurationReference = C8AA76B926AB0D5F00FE9527 /* Staging.xcconfig */;
			buildSettings = {
				ALWAYS_SEARCH_USER_PATHS = NO;
				CLANG_ANALYZER_NONNULL = YES;
				CLANG_ANALYZER_NUMBER_OBJECT_CONVERSION = YES_AGGRESSIVE;
				CLANG_CXX_LANGUAGE_STANDARD = "gnu++14";
				CLANG_CXX_LIBRARY = "libc++";
				CLANG_ENABLE_MODULES = YES;
				CLANG_ENABLE_OBJC_ARC = YES;
				CLANG_ENABLE_OBJC_WEAK = YES;
				CLANG_WARN_BLOCK_CAPTURE_AUTORELEASING = YES;
				CLANG_WARN_BOOL_CONVERSION = YES;
				CLANG_WARN_COMMA = YES;
				CLANG_WARN_CONSTANT_CONVERSION = YES;
				CLANG_WARN_DEPRECATED_OBJC_IMPLEMENTATIONS = YES;
				CLANG_WARN_DIRECT_OBJC_ISA_USAGE = YES_ERROR;
				CLANG_WARN_DOCUMENTATION_COMMENTS = YES;
				CLANG_WARN_EMPTY_BODY = YES;
				CLANG_WARN_ENUM_CONVERSION = YES;
				CLANG_WARN_INFINITE_RECURSION = YES;
				CLANG_WARN_INT_CONVERSION = YES;
				CLANG_WARN_NON_LITERAL_NULL_CONVERSION = YES;
				CLANG_WARN_OBJC_IMPLICIT_RETAIN_SELF = YES;
				CLANG_WARN_OBJC_LITERAL_CONVERSION = YES;
				CLANG_WARN_OBJC_ROOT_CLASS = YES_ERROR;
				CLANG_WARN_QUOTED_INCLUDE_IN_FRAMEWORK_HEADER = YES;
				CLANG_WARN_RANGE_LOOP_ANALYSIS = YES;
				CLANG_WARN_STRICT_PROTOTYPES = YES;
				CLANG_WARN_SUSPICIOUS_MOVE = YES;
				CLANG_WARN_UNGUARDED_AVAILABILITY = YES_AGGRESSIVE;
				CLANG_WARN_UNREACHABLE_CODE = YES;
				CLANG_WARN__DUPLICATE_METHOD_MATCH = YES;
				COPY_PHASE_STRIP = NO;
				DEBUG_INFORMATION_FORMAT = "dwarf-with-dsym";
				ENABLE_NS_ASSERTIONS = NO;
				ENABLE_STRICT_OBJC_MSGSEND = YES;
				GCC_C_LANGUAGE_STANDARD = gnu11;
				GCC_NO_COMMON_BLOCKS = YES;
				GCC_WARN_64_TO_32_BIT_CONVERSION = YES;
				GCC_WARN_ABOUT_RETURN_TYPE = YES_ERROR;
				GCC_WARN_UNDECLARED_SELECTOR = YES;
				GCC_WARN_UNINITIALIZED_AUTOS = YES_AGGRESSIVE;
				GCC_WARN_UNUSED_FUNCTION = YES;
				GCC_WARN_UNUSED_VARIABLE = YES;
				IPHONEOS_DEPLOYMENT_TARGET = 14.5;
				MTL_ENABLE_DEBUG_INFO = NO;
				MTL_FAST_MATH = YES;
				SDKROOT = iphoneos;
				SWIFT_COMPILATION_MODE = wholemodule;
				SWIFT_OPTIMIZATION_LEVEL = "-O";
				VALIDATE_PRODUCT = YES;
			};
			name = "Release (Staging)";
		};
		C8AA76CA26AB0FB000FE9527 /* Release (Staging) */ = {
			isa = XCBuildConfiguration;
			baseConfigurationReference = C8AA76B926AB0D5F00FE9527 /* Staging.xcconfig */;
			buildSettings = {
				ASSETCATALOG_COMPILER_APPICON_NAME = "AppIcon-Staging";
				ASSETCATALOG_COMPILER_GLOBAL_ACCENT_COLOR_NAME = AccentColor;
				CODE_SIGN_STYLE = Automatic;
				DEVELOPMENT_TEAM = 26792VELF2;
				INFOPLIST_FILE = "Forecourt Operations App/Environment/PList/Staging.plist";
				IPHONEOS_DEPLOYMENT_TARGET = 14.1;
				LD_RUNPATH_SEARCH_PATHS = (
					"$(inherited)",
					"@executable_path/Frameworks",
				);
				PRODUCT_BUNDLE_IDENTIFIER = "com.moto.forecourt-operations-staging";
				PRODUCT_NAME = "$(TARGET_NAME)";
				SWIFT_OBJC_BRIDGING_HEADER = "Forecourt Operations App/Third Party Libraries/Simple Ping/SimplePing-Bridging-Header.h";
				SWIFT_VERSION = 5.0;
				TARGETED_DEVICE_FAMILY = 2;
			};
			name = "Release (Staging)";
		};
/* End XCBuildConfiguration section */

/* Begin XCConfigurationList section */
		C8A88D44269C7D1E00F4960B /* Build configuration list for PBXProject "FCT Operations" */ = {
			isa = XCConfigurationList;
			buildConfigurations = (
				C8A88D5B269C7D2000F4960B /* Debug (Live) */,
				C8AA76C526AB0F9600FE9527 /* Debug (Staging) */,
				C8AA76C326AB0F8C00FE9527 /* Debug (Dev) */,
				C8A88D5C269C7D2000F4960B /* Release (Live) */,
				C8AA76C726AB0FA800FE9527 /* Release (Dev) */,
				C8AA76C926AB0FB000FE9527 /* Release (Staging) */,
			);
			defaultConfigurationIsVisible = 0;
			defaultConfigurationName = "Release (Live)";
		};
		C8A88D5D269C7D2000F4960B /* Build configuration list for PBXNativeTarget "FCT Operations" */ = {
			isa = XCConfigurationList;
			buildConfigurations = (
				C8A88D5E269C7D2000F4960B /* Debug (Live) */,
				C8AA76C626AB0F9600FE9527 /* Debug (Staging) */,
				C8AA76C426AB0F8C00FE9527 /* Debug (Dev) */,
				C8A88D5F269C7D2000F4960B /* Release (Live) */,
				C8AA76C826AB0FA800FE9527 /* Release (Dev) */,
				C8AA76CA26AB0FB000FE9527 /* Release (Staging) */,
			);
			defaultConfigurationIsVisible = 0;
			defaultConfigurationName = "Release (Live)";
		};
/* End XCConfigurationList section */

/* Begin XCVersionGroup section */
		C86D688226A1935B004A0D48 /* Data.xcdatamodeld */ = {
			isa = XCVersionGroup;
			children = (
				C86D688326A1935B004A0D48 /* Data.xcdatamodel */,
			);
			currentVersion = C86D688326A1935B004A0D48 /* Data.xcdatamodel */;
			path = Data.xcdatamodeld;
			sourceTree = "<group>";
			versionGroupType = wrapper.xcdatamodel;
		};
/* End XCVersionGroup section */
	};
	rootObject = C8A88D41269C7D1E00F4960B /* Project object */;
}
